
Microsoft Visual Studio Solution File, Format Version 12.00
# Visual Studio 2012
Project("{FAE04EC0-301F-11D3-BF4B-00C04F79EFBC}") = "ElasticSearchReIndexer", "ElasticSearchReIndexer\ElasticSearchReIndexer.csproj", "{0C2C0BDE-1C43-4E40-9FE2-1D8DC8B831D6}"
EndProject
Project("{FAE04EC0-301F-11D3-BF4B-00C04F79EFBC}") = "ElasticSearchReIndexer.Tests.Unit", "ElasticSearchReIndexer.Tests.Unit\ElasticSearchReIndexer.Tests.Unit.csproj", "{80925A5C-48FE-4A08-B7CB-E78E787B4DE5}"
EndProject
Project("{FAE04EC0-301F-11D3-BF4B-00C04F79EFBC}") = "ElasticSearchReIndexer.Tests.Integration", "ElasticSearchReIndexer.Tests.Integration\ElasticSearchReIndexer.Tests.Integration.csproj", "{54A47A0D-EA42-4FC5-AF4E-6E66D0E5341E}"
EndProject
Project("{FAE04EC0-301F-11D3-BF4B-00C04F79EFBC}") = "DbDataFlow", "DbDataFlow\DbDataFlow.csproj", "{C2CDEAFA-36A0-46D8-9661-19889B50CA51}"
EndProject
Project("{FAE04EC0-301F-11D3-BF4B-00C04F79EFBC}") = "treeves.essentials.castle.windsor", "treeves.essentials.castle.windsor\treeves.essentials.castle.windsor.csproj", "{248F7EBB-1510-4AEF-8E3B-FB2B7C89E16E}"
EndProject
Project("{FAE04EC0-301F-11D3-BF4B-00C04F79EFBC}") = "ElasticSearchReIndexer.Cmd", "ElasticSearchReIndexer.Cmd\ElasticSearchReIndexer.Cmd.csproj", "{98BCE7D0-45D9-4202-8913-37E8D0098E3D}"
EndProject
Project("{FAE04EC0-301F-11D3-BF4B-00C04F79EFBC}") = "treeves.essentials.config", "treeves.essentials.config\treeves.essentials.config.csproj", "{9BD644A5-1AB8-4738-949D-F63C06662865}"
EndProject
Global
	GlobalSection(SolutionConfigurationPlatforms) = preSolution
		Debug|Any CPU = Debug|Any CPU
		Release|Any CPU = Release|Any CPU
	EndGlobalSection
	GlobalSection(ProjectConfigurationPlatforms) = postSolution
		{0C2C0BDE-1C43-4E40-9FE2-1D8DC8B831D6}.Debug|Any CPU.ActiveCfg = Debug|Any CPU
		{0C2C0BDE-1C43-4E40-9FE2-1D8DC8B831D6}.Debug|Any CPU.Build.0 = Debug|Any CPU
		{0C2C0BDE-1C43-4E40-9FE2-1D8DC8B831D6}.Release|Any CPU.ActiveCfg = Release|Any CPU
		{0C2C0BDE-1C43-4E40-9FE2-1D8DC8B831D6}.Release|Any CPU.Build.0 = Release|Any CPU
		{80925A5C-48FE-4A08-B7CB-E78E787B4DE5}.Debug|Any CPU.ActiveCfg = Debug|Any CPU
		{80925A5C-48FE-4A08-B7CB-E78E787B4DE5}.Debug|Any CPU.Build.0 = Debug|Any CPU
		{80925A5C-48FE-4A08-B7CB-E78E787B4DE5}.Release|Any CPU.ActiveCfg = Release|Any CPU
		{80925A5C-48FE-4A08-B7CB-E78E787B4DE5}.Release|Any CPU.Build.0 = Release|Any CPU
		{54A47A0D-EA42-4FC5-AF4E-6E66D0E5341E}.Debug|Any CPU.ActiveCfg = Debug|Any CPU
		{54A47A0D-EA42-4FC5-AF4E-6E66D0E5341E}.Debug|Any CPU.Build.0 = Debug|Any CPU
		{54A47A0D-EA42-4FC5-AF4E-6E66D0E5341E}.Release|Any CPU.ActiveCfg = Release|Any CPU
		{54A47A0D-EA42-4FC5-AF4E-6E66D0E5341E}.Release|Any CPU.Build.0 = Release|Any CPU
		{C2CDEAFA-36A0-46D8-9661-19889B50CA51}.Debug|Any CPU.ActiveCfg = Debug|Any CPU
		{C2CDEAFA-36A0-46D8-9661-19889B50CA51}.Debug|Any CPU.Build.0 = Debug|Any CPU
		{C2CDEAFA-36A0-46D8-9661-19889B50CA51}.Release|Any CPU.ActiveCfg = Release|Any CPU
		{C2CDEAFA-36A0-46D8-9661-19889B50CA51}.Release|Any CPU.Build.0 = Release|Any CPU
		{248F7EBB-1510-4AEF-8E3B-FB2B7C89E16E}.Debug|Any CPU.ActiveCfg = Debug|Any CPU
		{248F7EBB-1510-4AEF-8E3B-FB2B7C89E16E}.Debug|Any CPU.Build.0 = Debug|Any CPU
		{248F7EBB-1510-4AEF-8E3B-FB2B7C89E16E}.Release|Any CPU.ActiveCfg = Release|Any CPU
		{248F7EBB-1510-4AEF-8E3B-FB2B7C89E16E}.Release|Any CPU.Build.0 = Release|Any CPU
		{98BCE7D0-45D9-4202-8913-37E8D0098E3D}.Debug|Any CPU.ActiveCfg = Debug|Any CPU
		{98BCE7D0-45D9-4202-8913-37E8D0098E3D}.Debug|Any CPU.Build.0 = Debug|Any CPU
		{98BCE7D0-45D9-4202-8913-37E8D0098E3D}.Release|Any CPU.ActiveCfg = Release|Any CPU
		{98BCE7D0-45D9-4202-8913-37E8D0098E3D}.Release|Any CPU.Build.0 = Release|Any CPU
		{9BD644A5-1AB8-4738-949D-F63C06662865}.Debug|Any CPU.ActiveCfg = Debug|Any CPU
		{9BD644A5-1AB8-4738-949D-F63C06662865}.Debug|Any CPU.Build.0 = Debug|Any CPU
		{9BD644A5-1AB8-4738-949D-F63C06662865}.Release|Any CPU.ActiveCfg = Release|Any CPU
		{9BD644A5-1AB8-4738-949D-F63C06662865}.Release|Any CPU.Build.0 = Release|Any CPU
	EndGlobalSection
	GlobalSection(SolutionProperties) = preSolution
		HideSolutionNode = FALSE
	EndGlobalSection
EndGlobal
